
Microsoft Visual Studio Solution File, Format Version 12.00
# Visual Studio Version 17
VisualStudioVersion = 17.14.36127.28
MinimumVisualStudioVersion = 10.0.40219.1
Project("{2150E333-8FDC-42A3-9474-1A3956D46DE8}") = "01-Api", "01-Api", "{02EA681E-C7D8-13C7-8484-4AC65E1B71E8}"
EndProject
Project("{2150E333-8FDC-42A3-9474-1A3956D46DE8}") = "02-Domain", "02-Domain", "{BFEA5B36-6161-43BB-974E-4AED15AECB72}"
EndProject
Project("{2150E333-8FDC-42A3-9474-1A3956D46DE8}") = "03-Core", "03-Core", "{C22AA465-6129-4257-B252-E1B6DC371413}"
EndProject
Project("{2150E333-8FDC-42A3-9474-1A3956D46DE8}") = "04-Data", "04-Data", "{22C37E34-3282-42EC-9006-D44709096F81}"
EndProject
Project("{2150E333-8FDC-42A3-9474-1A3956D46DE8}") = "05-Infrastructure", "05-Infrastructure", "{EF1DFD16-B08A-43CB-AC7E-6A91197239AC}"
EndProject
Project("{2150E333-8FDC-42A3-9474-1A3956D46DE8}") = "Ioc", "Ioc", "{BCF88535-A021-4BDC-A2C9-BCEA7CF2F246}"
EndProject
Project("{2150E333-8FDC-42A3-9474-1A3956D46DE8}") = "Service", "Service", "{D9541451-219B-4087-BBAA-BA4D3E21DDE7}"
	ProjectSection(SolutionItems) = preProject
		MoveEnergia.Rdstation.Adapter\RdstationIntegrationAdapter.cs = MoveEnergia.Rdstation.Adapter\RdstationIntegrationAdapter.cs
	EndProjectSection
EndProject
Project("{2150E333-8FDC-42A3-9474-1A3956D46DE8}") = "Adpter", "Adpter", "{47EAD825-83BE-48BB-BAA3-987894223D6D}"
EndProject
Project("{2150E333-8FDC-42A3-9474-1A3956D46DE8}") = "06-Shared", "06-Shared", "{4B7AFEC7-D811-4FC9-AE1D-EF4B276114AE}"
EndProject
Project("{FAE04EC0-301F-11D3-BF4B-00C04F79EFBC}") = "MoveEnergia.Billing.Api", "Billing.Api\Consumer.Api\MoveEnergia.Billing.Api.csproj", "{FB88BC3E-B110-F0F7-5787-258373F7AED1}"
EndProject
Project("{FAE04EC0-301F-11D3-BF4B-00C04F79EFBC}") = "MoveEnergia.Billing.Adapter", "Billing.Adapter\MoveEnergia.Billing.Adapter.csproj", "{EF9F9A00-704F-56BD-CBC0-E2F46FAF9F79}"
EndProject
Project("{FAE04EC0-301F-11D3-BF4B-00C04F79EFBC}") = "MoveEnergia.Billing.Service", "Billing.Service\MoveEnergia.Billing.Service.csproj", "{ED1F2C59-2AF5-94F3-4266-BB17DA26BDE0}"
EndProject
Project("{FAE04EC0-301F-11D3-BF4B-00C04F79EFBC}") = "MoveEnergia.Billing.Core", "Billing.Core\MoveEnergia.Billing.Core.csproj", "{31CE6B99-02F9-F93F-2C21-A885E1566A81}"
EndProject
Project("{FAE04EC0-301F-11D3-BF4B-00C04F79EFBC}") = "MoveEnergia.Billing.Data", "Billing.Data\MoveEnergia.Billing.Data.csproj", "{15B62383-369B-94A4-1FCB-207C0F2214E1}"
EndProject
Project("{FAE04EC0-301F-11D3-BF4B-00C04F79EFBC}") = "MoveEnergia.Billing.IoC", "Billing.IoC\MoveEnergia.Billing.IoC.csproj", "{1837CF95-CB0E-8F9F-2241-B72A79225805}"
EndProject
Project("{FAE04EC0-301F-11D3-BF4B-00C04F79EFBC}") = "MoveEnergia.Billing.Helper", "Billing.Helper\MoveEnergia.Billing.Helper.csproj", "{75E8EBD3-29C6-C8DC-6D21-3C6A9E9DBB29}"
EndProject
Project("{FAE04EC0-301F-11D3-BF4B-00C04F79EFBC}") = "MoveEnergia.RdStation.Adapter", "MoveEnergia.Rdstation.Adapter\MoveEnergia.RdStation.Adapter.csproj", "{BF620145-93F0-4392-BA72-41500E2625D9}"
EndProject
Project("{2150E333-8FDC-42A3-9474-1A3956D46DE8}") = "07-WorkerService", "07-WorkerService", "{439766FA-1293-4AF4-B359-979A43AA3A29}"
EndProject
Project("{FAE04EC0-301F-11D3-BF4B-00C04F79EFBC}") = "WorkerRdStation", "WorkerRdStation\WorkerRdStation.csproj", "{C9152F52-A65E-4D0B-A43A-C220DF197B0E}"
EndProject
Global
	GlobalSection(SolutionConfigurationPlatforms) = preSolution
		Debug|Any CPU = Debug|Any CPU
		Release|Any CPU = Release|Any CPU
	EndGlobalSection
	GlobalSection(ProjectConfigurationPlatforms) = postSolution
		{FB88BC3E-B110-F0F7-5787-258373F7AED1}.Debug|Any CPU.ActiveCfg = Debug|Any CPU
		{FB88BC3E-B110-F0F7-5787-258373F7AED1}.Debug|Any CPU.Build.0 = Debug|Any CPU
		{FB88BC3E-B110-F0F7-5787-258373F7AED1}.Release|Any CPU.ActiveCfg = Release|Any CPU
		{FB88BC3E-B110-F0F7-5787-258373F7AED1}.Release|Any CPU.Build.0 = Release|Any CPU
		{EF9F9A00-704F-56BD-CBC0-E2F46FAF9F79}.Debug|Any CPU.ActiveCfg = Debug|Any CPU
		{EF9F9A00-704F-56BD-CBC0-E2F46FAF9F79}.Debug|Any CPU.Build.0 = Debug|Any CPU
		{EF9F9A00-704F-56BD-CBC0-E2F46FAF9F79}.Release|Any CPU.ActiveCfg = Release|Any CPU
		{EF9F9A00-704F-56BD-CBC0-E2F46FAF9F79}.Release|Any CPU.Build.0 = Release|Any CPU
		{ED1F2C59-2AF5-94F3-4266-BB17DA26BDE0}.Debug|Any CPU.ActiveCfg = Debug|Any CPU
		{ED1F2C59-2AF5-94F3-4266-BB17DA26BDE0}.Debug|Any CPU.Build.0 = Debug|Any CPU
		{ED1F2C59-2AF5-94F3-4266-BB17DA26BDE0}.Release|Any CPU.ActiveCfg = Release|Any CPU
		{ED1F2C59-2AF5-94F3-4266-BB17DA26BDE0}.Release|Any CPU.Build.0 = Release|Any CPU
		{31CE6B99-02F9-F93F-2C21-A885E1566A81}.Debug|Any CPU.ActiveCfg = Debug|Any CPU
		{31CE6B99-02F9-F93F-2C21-A885E1566A81}.Debug|Any CPU.Build.0 = Debug|Any CPU
		{31CE6B99-02F9-F93F-2C21-A885E1566A81}.Release|Any CPU.ActiveCfg = Release|Any CPU
		{31CE6B99-02F9-F93F-2C21-A885E1566A81}.Release|Any CPU.Build.0 = Release|Any CPU
		{15B62383-369B-94A4-1FCB-207C0F2214E1}.Debug|Any CPU.ActiveCfg = Debug|Any CPU
		{15B62383-369B-94A4-1FCB-207C0F2214E1}.Debug|Any CPU.Build.0 = Debug|Any CPU
		{15B62383-369B-94A4-1FCB-207C0F2214E1}.Release|Any CPU.ActiveCfg = Release|Any CPU
		{15B62383-369B-94A4-1FCB-207C0F2214E1}.Release|Any CPU.Build.0 = Release|Any CPU
		{1837CF95-CB0E-8F9F-2241-B72A79225805}.Debug|Any CPU.ActiveCfg = Debug|Any CPU
		{1837CF95-CB0E-8F9F-2241-B72A79225805}.Debug|Any CPU.Build.0 = Debug|Any CPU
		{1837CF95-CB0E-8F9F-2241-B72A79225805}.Release|Any CPU.ActiveCfg = Release|Any CPU
		{1837CF95-CB0E-8F9F-2241-B72A79225805}.Release|Any CPU.Build.0 = Release|Any CPU
		{75E8EBD3-29C6-C8DC-6D21-3C6A9E9DBB29}.Debug|Any CPU.ActiveCfg = Debug|Any CPU
		{75E8EBD3-29C6-C8DC-6D21-3C6A9E9DBB29}.Debug|Any CPU.Build.0 = Debug|Any CPU
		{75E8EBD3-29C6-C8DC-6D21-3C6A9E9DBB29}.Release|Any CPU.ActiveCfg = Release|Any CPU
		{75E8EBD3-29C6-C8DC-6D21-3C6A9E9DBB29}.Release|Any CPU.Build.0 = Release|Any CPU
		{BF620145-93F0-4392-BA72-41500E2625D9}.Debug|Any CPU.ActiveCfg = Debug|Any CPU
		{BF620145-93F0-4392-BA72-41500E2625D9}.Debug|Any CPU.Build.0 = Debug|Any CPU
		{BF620145-93F0-4392-BA72-41500E2625D9}.Release|Any CPU.ActiveCfg = Release|Any CPU
		{BF620145-93F0-4392-BA72-41500E2625D9}.Release|Any CPU.Build.0 = Release|Any CPU
		{C9152F52-A65E-4D0B-A43A-C220DF197B0E}.Debug|Any CPU.ActiveCfg = Debug|Any CPU
		{C9152F52-A65E-4D0B-A43A-C220DF197B0E}.Debug|Any CPU.Build.0 = Debug|Any CPU
		{C9152F52-A65E-4D0B-A43A-C220DF197B0E}.Release|Any CPU.ActiveCfg = Release|Any CPU
		{C9152F52-A65E-4D0B-A43A-C220DF197B0E}.Release|Any CPU.Build.0 = Release|Any CPU
	EndGlobalSection
	GlobalSection(SolutionProperties) = preSolution
		HideSolutionNode = FALSE
	EndGlobalSection
	GlobalSection(NestedProjects) = preSolution
		{BCF88535-A021-4BDC-A2C9-BCEA7CF2F246} = {EF1DFD16-B08A-43CB-AC7E-6A91197239AC}
		{D9541451-219B-4087-BBAA-BA4D3E21DDE7} = {BFEA5B36-6161-43BB-974E-4AED15AECB72}
		{47EAD825-83BE-48BB-BAA3-987894223D6D} = {BFEA5B36-6161-43BB-974E-4AED15AECB72}
		{FB88BC3E-B110-F0F7-5787-258373F7AED1} = {02EA681E-C7D8-13C7-8484-4AC65E1B71E8}
		{EF9F9A00-704F-56BD-CBC0-E2F46FAF9F79} = {47EAD825-83BE-48BB-BAA3-987894223D6D}
		{ED1F2C59-2AF5-94F3-4266-BB17DA26BDE0} = {D9541451-219B-4087-BBAA-BA4D3E21DDE7}
		{31CE6B99-02F9-F93F-2C21-A885E1566A81} = {C22AA465-6129-4257-B252-E1B6DC371413}
		{15B62383-369B-94A4-1FCB-207C0F2214E1} = {22C37E34-3282-42EC-9006-D44709096F81}
		{1837CF95-CB0E-8F9F-2241-B72A79225805} = {BCF88535-A021-4BDC-A2C9-BCEA7CF2F246}
		{75E8EBD3-29C6-C8DC-6D21-3C6A9E9DBB29} = {4B7AFEC7-D811-4FC9-AE1D-EF4B276114AE}
		{BF620145-93F0-4392-BA72-41500E2625D9} = {47EAD825-83BE-48BB-BAA3-987894223D6D}
		{C9152F52-A65E-4D0B-A43A-C220DF197B0E} = {439766FA-1293-4AF4-B359-979A43AA3A29}
	EndGlobalSection
	GlobalSection(ExtensibilityGlobals) = postSolution
		SolutionGuid = {F9F4DC4B-306D-4D19-B768-B90207B89D30}
	EndGlobalSection
EndGlobal
